{
  "name": "static",
  "version": "1.0.0",
  "lockfileVersion": 1,
  "requires": true,
  "dependencies": {
    "bootstrap-icons": {
      "version": "1.3.0",
      "resolved": "https://registry.npmjs.org/bootstrap-icons/-/bootstrap-icons-1.3.0.tgz",
      "integrity": "sha512-w6zQ93p626zmPDqDtET7VdB9EkoDtfmCBV53hunjntoCke6X5LafXf6TxPAP+ImjRAhhxAyA/sjzQnHBY0uoiQ=="
    },
    "highcharts": {
      "version": "8.2.2",
      "resolved": "https://registry.npmjs.org/highcharts/-/highcharts-8.2.2.tgz",
      "integrity": "sha512-F63TXO7RxsvTcpO/KOubQZWualYpCMyCTuKtoWbt7KCsfQ3Kl7Fr6HEyyJdjkYl+XlnmnKlSRi9d3HjLK9Q0wg=="
    },
    "jquery": {
      "version": "3.5.0",
      "resolved": "https://registry.npmjs.org/jquery/-/jquery-3.5.0.tgz",
      "integrity": "sha512-Xb7SVYMvygPxbFMpTFQiHh1J7HClEaThguL15N/Gg37Lri/qKyhRGZYzHRyLH8Stq3Aow0LsHO2O2ci86fCrNQ=="
    },
    "jqvmap": {
      "version": "1.5.1",
      "resolved": "https://registry.npmjs.org/jqvmap/-/jqvmap-1.5.1.tgz",
      "integrity": "sha1-FnCnMdAjhjc9pM+uvU2w62NNTPs=",
      "requires": {
        "jquery": "~1.11.3"
      },
      "dependencies": {
        "jquery": {
          "version": "1.11.3",
          "resolved": "https://registry.npmjs.org/jquery/-/jquery-1.11.3.tgz",
          "integrity": "sha1-3Yt0J4snEC0p32Pq4oMIqM+htYM="
        }
      }
    }
  }
}
